{
  "name": "qr-reader",
  "version": "0.5.0",
  "lockfileVersion": 1,
  "requires": true,
  "dependencies": {
    "jpeg-js": {
      "version": "0.4.2",
      "resolved": "https://registry.npmjs.org/jpeg-js/-/jpeg-js-0.4.2.tgz",
      "integrity": "sha512-+az2gi/hvex7eLTMTlbRLOhH6P6WFdk2ITI8HJsaH2VqYO0I594zXSYEP+tf4FW+8Cy68ScDXoAsQdyQanv3sw=="
    },
    "jsqr": {
      "version": "1.3.1",
      "resolved": "https://registry.npmjs.org/jsqr/-/jsqr-1.3.1.tgz",
      "integrity": "sha512-zCTP6Qd/WwjrpuHFkJuXc5opRdKprUr7eI7+JCCtcetThJt45qptu82MWQ+eET+FtDrMo7+BYjo3iD0XIq1L9Q=="
    }
  }
}
